
Microsoft Visual Studio Solution File, Format Version 12.00
# Visual Studio Version 16
VisualStudioVersion = 16.0.29609.76
MinimumVisualStudioVersion = 10.0.40219.1
Project("{FAE04EC0-301F-11D3-BF4B-00C04F79EFBC}") = "API1", "API1\API1.csproj", "{2CE5667B-C14A-42F5-B5BB-FF95F693D0A6}"
EndProject
Project("{FAE04EC0-301F-11D3-BF4B-00C04F79EFBC}") = "API2", "API2\API2.csproj", "{88DED50E-2BCD-4154-B692-F8E3A312BBD8}"
EndProject
Project("{FAE04EC0-301F-11D3-BF4B-00C04F79EFBC}") = "Test", "Test\Test.csproj", "{4F4BCA92-1E49-4AAD-902C-399C5A4F8FF1}"
EndProject
Global
	GlobalSection(SolutionConfigurationPlatforms) = preSolution
		Debug|Any CPU = Debug|Any CPU
		Release|Any CPU = Release|Any CPU
	EndGlobalSection
	GlobalSection(ProjectConfigurationPlatforms) = postSolution
		{2CE5667B-C14A-42F5-B5BB-FF95F693D0A6}.Debug|Any CPU.ActiveCfg = Debug|Any CPU
		{2CE5667B-C14A-42F5-B5BB-FF95F693D0A6}.Debug|Any CPU.Build.0 = Debug|Any CPU
		{2CE5667B-C14A-42F5-B5BB-FF95F693D0A6}.Release|Any CPU.ActiveCfg = Release|Any CPU
		{2CE5667B-C14A-42F5-B5BB-FF95F693D0A6}.Release|Any CPU.Build.0 = Release|Any CPU
		{88DED50E-2BCD-4154-B692-F8E3A312BBD8}.Debug|Any CPU.ActiveCfg = Debug|Any CPU
		{88DED50E-2BCD-4154-B692-F8E3A312BBD8}.Debug|Any CPU.Build.0 = Debug|Any CPU
		{88DED50E-2BCD-4154-B692-F8E3A312BBD8}.Release|Any CPU.ActiveCfg = Release|Any CPU
		{88DED50E-2BCD-4154-B692-F8E3A312BBD8}.Release|Any CPU.Build.0 = Release|Any CPU
		{4F4BCA92-1E49-4AAD-902C-399C5A4F8FF1}.Debug|Any CPU.ActiveCfg = Debug|Any CPU
		{4F4BCA92-1E49-4AAD-902C-399C5A4F8FF1}.Debug|Any CPU.Build.0 = Debug|Any CPU
		{4F4BCA92-1E49-4AAD-902C-399C5A4F8FF1}.Release|Any CPU.ActiveCfg = Release|Any CPU
		{4F4BCA92-1E49-4AAD-902C-399C5A4F8FF1}.Release|Any CPU.Build.0 = Release|Any CPU
	EndGlobalSection
	GlobalSection(SolutionProperties) = preSolution
		HideSolutionNode = FALSE
	EndGlobalSection
	GlobalSection(ExtensibilityGlobals) = postSolution
		SolutionGuid = {DA62EDF9-556D-455A-9CB3-20C69EAE1431}
	EndGlobalSection
EndGlobal
